
Microsoft Visual Studio Solution File, Format Version 12.00
# Visual Studio Version 16
VisualStudioVersion = 16.0.29609.76
MinimumVisualStudioVersion = 10.0.40219.1
Project("{8BC9CEB8-8B4A-11D0-8D11-00A0C91BC942}") = "Labs3", "Labs3.vcxproj", "{CEFE3AF7-E968-4E7F-A524-21785B870D66}"
EndProject
Global
	GlobalSection(SolutionConfigurationPlatforms) = preSolution
		Debug|x64 = Debug|x64
		Debug|x86 = Debug|x86
		Release|x64 = Release|x64
		Release|x86 = Release|x86
	EndGlobalSection
	GlobalSection(ProjectConfigurationPlatforms) = postSolution
		{CEFE3AF7-E968-4E7F-A524-21785B870D66}.Debug|x64.ActiveCfg = Debug|x64
		{CEFE3AF7-E968-4E7F-A524-21785B870D66}.Debug|x64.Build.0 = Debug|x64
		{CEFE3AF7-E968-4E7F-A524-21785B870D66}.Debug|x86.ActiveCfg = Debug|Win32
		{CEFE3AF7-E968-4E7F-A524-21785B870D66}.Debug|x86.Build.0 = Debug|Win32
		{CEFE3AF7-E968-4E7F-A524-21785B870D66}.Release|x64.ActiveCfg = Release|x64
		{CEFE3AF7-E968-4E7F-A524-21785B870D66}.Release|x64.Build.0 = Release|x64
		{CEFE3AF7-E968-4E7F-A524-21785B870D66}.Release|x86.ActiveCfg = Release|Win32
		{CEFE3AF7-E968-4E7F-A524-21785B870D66}.Release|x86.Build.0 = Release|Win32
	EndGlobalSection
	GlobalSection(SolutionProperties) = preSolution
		HideSolutionNode = FALSE
	EndGlobalSection
	GlobalSection(ExtensibilityGlobals) = postSolution
		SolutionGuid = {EB3857DF-5C0C-4FD5-BD44-047D4DF38CC8}
	EndGlobalSection
EndGlobal
